// !$*UTF8*$!
{
	archiveVersion = 1;
	classes = {
	};
	objectVersion = 50;
	objects = {

/* Begin PBXBuildFile section */
		00CA260A21514DD7004B23DA /* AppDelegate.swift in Sources */ = {isa = PBXBuildFile; fileRef = 00CA260921514DD7004B23DA /* AppDelegate.swift */; };
		00CA260C21514DD7004B23DA /* BLEDevicesViewController.swift in Sources */ = {isa = PBXBuildFile; fileRef = 00CA260B21514DD7004B23DA /* BLEDevicesViewController.swift */; };
		00CA260F21514DD7004B23DA /* Main.storyboard in Resources */ = {isa = PBXBuildFile; fileRef = 00CA260D21514DD7004B23DA /* Main.storyboard */; };
		00CA261121514DD8004B23DA /* Assets.xcassets in Resources */ = {isa = PBXBuildFile; fileRef = 00CA261021514DD8004B23DA /* Assets.xcassets */; };
		00CA261421514DD8004B23DA /* LaunchScreen.storyboard in Resources */ = {isa = PBXBuildFile; fileRef = 00CA261221514DD8004B23DA /* LaunchScreen.storyboard */; };
		00CA261D2151625D004B23DA /* BluetoothManager.swift in Sources */ = {isa = PBXBuildFile; fileRef = 00CA261C2151625D004B23DA /* BluetoothManager.swift */; };
		00CA261F21523B6B004B23DA /* BluetoothManagerProtocol.swift in Sources */ = {isa = PBXBuildFile; fileRef = 00CA261E21523B6B004B23DA /* BluetoothManagerProtocol.swift */; };
		00CA262221524097004B23DA /* DeviceModel.swift in Sources */ = {isa = PBXBuildFile; fileRef = 00CA262121524097004B23DA /* DeviceModel.swift */; };
/* End PBXBuildFile section */

/* Begin PBXFileReference section */
		00CA260621514DD7004B23DA /* SwiftESP32.app */ = {isa = PBXFileReference; explicitFileType = wrapper.application; includeInIndex = 0; path = SwiftESP32.app; sourceTree = BUILT_PRODUCTS_DIR; };
		00CA260921514DD7004B23DA /* AppDelegate.swift */ = {isa = PBXFileReference; lastKnownFileType = sourcecode.swift; path = AppDelegate.swift; sourceTree = "<group>"; };
		00CA260B21514DD7004B23DA /* BLEDevicesViewController.swift */ = {isa = PBXFileReference; lastKnownFileType = sourcecode.swift; path = BLEDevicesViewController.swift; sourceTree = "<group>"; };
		00CA260E21514DD7004B23DA /* Base */ = {isa = PBXFileReference; lastKnownFileType = file.storyboard; name = Base; path = Base.lproj/Main.storyboard; sourceTree = "<group>"; };
		00CA261021514DD8004B23DA /* Assets.xcassets */ = {isa = PBXFileReference; lastKnownFileType = folder.assetcatalog; path = Assets.xcassets; sourceTree = "<group>"; };
		00CA261321514DD8004B23DA /* Base */ = {isa = PBXFileReference; lastKnownFileType = file.storyboard; name = Base; path = Base.lproj/LaunchScreen.storyboard; sourceTree = "<group>"; };
		00CA261521514DD8004B23DA /* Info.plist */ = {isa = PBXFileReference; lastKnownFileType = text.plist.xml; path = Info.plist; sourceTree = "<group>"; };
		00CA261C2151625D004B23DA /* BluetoothManager.swift */ = {isa = PBXFileReference; lastKnownFileType = sourcecode.swift; path = BluetoothManager.swift; sourceTree = "<group>"; };
		00CA261E21523B6B004B23DA /* BluetoothManagerProtocol.swift */ = {isa = PBXFileReference; lastKnownFileType = sourcecode.swift; path = BluetoothManagerProtocol.swift; sourceTree = "<group>"; };
		00CA262121524097004B23DA /* DeviceModel.swift */ = {isa = PBXFileReference; lastKnownFileType = sourcecode.swift; path = DeviceModel.swift; sourceTree = "<group>"; };
/* End PBXFileReference section */

/* Begin PBXFrameworksBuildPhase section */
		00CA260321514DD7004B23DA /* Frameworks */ = {
			isa = PBXFrameworksBuildPhase;
			buildActionMask = 2147483647;
			files = (
			);
			runOnlyForDeploymentPostprocessing = 0;
		};
/* End PBXFrameworksBuildPhase section */

/* Begin PBXGroup section */
		00CA25FD21514DD7004B23DA = {
			isa = PBXGroup;
			children = (
				00CA260821514DD7004B23DA /* SwiftESP32 */,
				00CA260721514DD7004B23DA /* Products */,
			);
			sourceTree = "<group>";
		};
		00CA260721514DD7004B23DA /* Products */ = {
			isa = PBXGroup;
			children = (
				00CA260621514DD7004B23DA /* SwiftESP32.app */,
			);
			name = Products;
			sourceTree = "<group>";
		};
		00CA260821514DD7004B23DA /* SwiftESP32 */ = {
			isa = PBXGroup;
			children = (
				00CA26202152407D004B23DA /* Models */,
				00CA261B21516211004B23DA /* BluetoothService */,
				00CA260921514DD7004B23DA /* AppDelegate.swift */,
				00CA260B21514DD7004B23DA /* BLEDevicesViewController.swift */,
				00CA260D21514DD7004B23DA /* Main.storyboard */,
				00CA261021514DD8004B23DA /* Assets.xcassets */,
				00CA261221514DD8004B23DA /* LaunchScreen.storyboard */,
				00CA261521514DD8004B23DA /* Info.plist */,
			);
			path = SwiftESP32;
			sourceTree = "<group>";
		};
		00CA261B21516211004B23DA /* BluetoothService */ = {
			isa = PBXGroup;
			children = (
				00CA261C2151625D004B23DA /* BluetoothManager.swift */,
				00CA261E21523B6B004B23DA /* BluetoothManagerProtocol.swift */,
			);
			path = BluetoothService;
			sourceTree = "<group>";
		};
		00CA26202152407D004B23DA /* Models */ = {
			isa = PBXGroup;
			children = (
				00CA262121524097004B23DA /* DeviceModel.swift */,
			);
			path = Models;
			sourceTree = "<group>";
		};
/* End PBXGroup section */

/* Begin PBXNativeTarget section */
		00CA260521514DD7004B23DA /* SwiftESP32 */ = {
			isa = PBXNativeTarget;
			buildConfigurationList = 00CA261821514DD8004B23DA /* Build configuration list for PBXNativeTarget "SwiftESP32" */;
			buildPhases = (
				00CA260221514DD7004B23DA /* Sources */,
				00CA260321514DD7004B23DA /* Frameworks */,
				00CA260421514DD7004B23DA /* Resources */,
			);
			buildRules = (
			);
			dependencies = (
			);
			name = SwiftESP32;
			productName = SwiftESP32;
			productReference = 00CA260621514DD7004B23DA /* SwiftESP32.app */;
			productType = "com.apple.product-type.application";
		};
/* End PBXNativeTarget section */

/* Begin PBXProject section */
		00CA25FE21514DD7004B23DA /* Project object */ = {
			isa = PBXProject;
			attributes = {
				LastSwiftUpdateCheck = 1000;
				LastUpgradeCheck = 1000;
				ORGANIZATIONNAME = "yuval tal";
				TargetAttributes = {
					00CA260521514DD7004B23DA = {
						CreatedOnToolsVersion = 10.0;
					};
				};
			};
			buildConfigurationList = 00CA260121514DD7004B23DA /* Build configuration list for PBXProject "SwiftESP32" */;
			compatibilityVersion = "Xcode 9.3";
			developmentRegion = en;
			hasScannedForEncodings = 0;
			knownRegions = (
				en,
				Base,
			);
			mainGroup = 00CA25FD21514DD7004B23DA;
			productRefGroup = 00CA260721514DD7004B23DA /* Products */;
			projectDirPath = "";
			projectRoot = "";
			targets = (
				00CA260521514DD7004B23DA /* SwiftESP32 */,
			);
		};
/* End PBXProject section */

/* Begin PBXResourcesBuildPhase section */
		00CA260421514DD7004B23DA /* Resources */ = {
			isa = PBXResourcesBuildPhase;
			buildActionMask = 2147483647;
			files = (
				00CA261421514DD8004B23DA /* LaunchScreen.storyboard in Resources */,
				00CA261121514DD8004B23DA /* Assets.xcassets in Resources */,
				00CA260F21514DD7004B23DA /* Main.storyboard in Resources */,
			);
			runOnlyForDeploymentPostprocessing = 0;
		};
/* End PBXResourcesBuildPhase section */

/* Begin PBXSourcesBuildPhase section */
		00CA260221514DD7004B23DA /* Sources */ = {
			isa = PBXSourcesBuildPhase;
			buildActionMask = 2147483647;
			files = (
				00CA261F21523B6B004B23DA /* BluetoothManagerProtocol.swift in Sources */,
				00CA260C21514DD7004B23DA /* BLEDevicesViewController.swift in Sources */,
				00CA262221524097004B23DA /* DeviceModel.swift in Sources */,
				00CA261D2151625D004B23DA /* BluetoothManager.swift in Sources */,
				00CA260A21514DD7004B23DA /* AppDelegate.swift in Sources */,
			);
			runOnlyForDeploymentPostprocessing = 0;
		};
/* End PBXSourcesBuildPhase section */

/* Begin PBXVariantGroup section */
		00CA260D21514DD7004B23DA /* Main.storyboard */ = {
			isa = PBXVariantGroup;
			children = (
				00CA260E21514DD7004B23DA /* Base */,
			);
			name = Main.storyboard;
			sourceTree = "<group>";
		};
		00CA261221514DD8004B23DA /* LaunchScreen.storyboard */ = {
			isa = PBXVariantGroup;
			children = (
				00CA261321514DD8004B23DA /* Base */,
			);
			name = LaunchScreen.storyboard;
			sourceTree = "<group>";
		};
/* End PBXVariantGroup section */

/* Begin XCBuildConfiguration section */
		00CA261621514DD8004B23DA /* Debug */ = {
			isa = XCBuildConfiguration;
			buildSettings = {
				ALWAYS_SEARCH_USER_PATHS = NO;
				CLANG_ANALYZER_NONNULL = YES;
				CLANG_ANALYZER_NUMBER_OBJECT_CONVERSION = YES_AGGRESSIVE;
				CLANG_CXX_LANGUAGE_STANDARD = "gnu++14";
				CLANG_CXX_LIBRARY = "libc++";
				CLANG_ENABLE_MODULES = YES;
				CLANG_ENABLE_OBJC_ARC = YES;
				CLANG_ENABLE_OBJC_WEAK = YES;
				CLANG_WARN_BLOCK_CAPTURE_AUTORELEASING = YES;
				CLANG_WARN_BOOL_CONVERSION = YES;
				CLANG_WARN_COMMA = YES;
				CLANG_WARN_CONSTANT_CONVERSION = YES;
				CLANG_WARN_DEPRECATED_OBJC_IMPLEMENTATIONS = YES;
				CLANG_WARN_DIRECT_OBJC_ISA_USAGE = YES_ERROR;
				CLANG_WARN_DOCUMENTATION_COMMENTS = YES;
				CLANG_WARN_EMPTY_BODY = YES;
				CLANG_WARN_ENUM_CONVERSION = YES;
				CLANG_WARN_INFINITE_RECURSION = YES;
				CLANG_WARN_INT_CONVERSION = YES;
				CLANG_WARN_NON_LITERAL_NULL_CONVERSION = YES;
				CLANG_WARN_OBJC_IMPLICIT_RETAIN_SELF = YES;
				CLANG_WARN_OBJC_LITERAL_CONVERSION = YES;
				CLANG_WARN_OBJC_ROOT_CLASS = YES_ERROR;
				CLANG_WARN_RANGE_LOOP_ANALYSIS = YES;
				CLANG_WARN_STRICT_PROTOTYPES = YES;
				CLANG_WARN_SUSPICIOUS_MOVE = YES;
				CLANG_WARN_UNGUARDED_AVAILABILITY = YES_AGGRESSIVE;
				CLANG_WARN_UNREACHABLE_CODE = YES;
				CLANG_WARN__DUPLICATE_METHOD_MATCH = YES;
				CODE_SIGN_IDENTITY = "iPhone Developer";
				COPY_PHASE_STRIP = NO;
				DEBUG_INFORMATION_FORMAT = dwarf;
				ENABLE_STRICT_OBJC_MSGSEND = YES;
				ENABLE_TESTABILITY = YES;
				GCC_C_LANGUAGE_STANDARD = gnu11;
				GCC_DYNAMIC_NO_PIC = NO;
				GCC_NO_COMMON_BLOCKS = YES;
				GCC_OPTIMIZATION_LEVEL = 0;
				GCC_PREPROCESSOR_DEFINITIONS = (
					"DEBUG=1",
					"$(inherited)",
				);
				GCC_WARN_64_TO_32_BIT_CONVERSION = YES;
				GCC_WARN_ABOUT_RETURN_TYPE = YES_ERROR;
				GCC_WARN_UNDECLARED_SELECTOR = YES;
				GCC_WARN_UNINITIALIZED_AUTOS = YES_AGGRESSIVE;
				GCC_WARN_UNUSED_FUNCTION = YES;
				GCC_WARN_UNUSED_VARIABLE = YES;
				IPHONEOS_DEPLOYMENT_TARGET = 12.0;
				MTL_ENABLE_DEBUG_INFO = INCLUDE_SOURCE;
				MTL_FAST_MATH = YES;
				ONLY_ACTIVE_ARCH = YES;
				SDKROOT = iphoneos;
				SWIFT_ACTIVE_COMPILATION_CONDITIONS = DEBUG;
				SWIFT_OPTIMIZATION_LEVEL = "-Onone";
			};
			name = Debug;
		};
		00CA261721514DD8004B23DA /* Release */ = {
			isa = XCBuildConfiguration;
			buildSettings = {
				ALWAYS_SEARCH_USER_PATHS = NO;
				CLANG_ANALYZER_NONNULL = YES;
				CLANG_ANALYZER_NUMBER_OBJECT_CONVERSION = YES_AGGRESSIVE;
				CLANG_CXX_LANGUAGE_STANDARD = "gnu++14";
				CLANG_CXX_LIBRARY = "libc++";
				CLANG_ENABLE_MODULES = YES;
				CLANG_ENABLE_OBJC_ARC = YES;
				CLANG_ENABLE_OBJC_WEAK = YES;
				CLANG_WARN_BLOCK_CAPTURE_AUTORELEASING = YES;
				CLANG_WARN_BOOL_CONVERSION = YES;
				CLANG_WARN_COMMA = YES;
				CLANG_WARN_CONSTANT_CONVERSION = YES;
				CLANG_WARN_DEPRECATED_OBJC_IMPLEMENTATIONS = YES;
				CLANG_WARN_DIRECT_OBJC_ISA_USAGE = YES_ERROR;
				CLANG_WARN_DOCUMENTATION_COMMENTS = YES;
				CLANG_WARN_EMPTY_BODY = YES;
				CLANG_WARN_ENUM_CONVERSION = YES;
				CLANG_WARN_INFINITE_RECURSION = YES;
				CLANG_WARN_INT_CONVERSION = YES;
				CLANG_WARN_NON_LITERAL_NULL_CONVERSION = YES;
				CLANG_WARN_OBJC_IMPLICIT_RETAIN_SELF = YES;
				CLANG_WARN_OBJC_LITERAL_CONVERSION = YES;
				CLANG_WARN_OBJC_ROOT_CLASS = YES_ERROR;
				CLANG_WARN_RANGE_LOOP_ANALYSIS = YES;
				CLANG_WARN_STRICT_PROTOTYPES = YES;
				CLANG_WARN_SUSPICIOUS_MOVE = YES;
				CLANG_WARN_UNGUARDED_AVAILABILITY = YES_AGGRESSIVE;
				CLANG_WARN_UNREACHABLE_CODE = YES;
				CLANG_WARN__DUPLICATE_METHOD_MATCH = YES;
				CODE_SIGN_IDENTITY = "iPhone Developer";
				COPY_PHASE_STRIP = NO;
				DEBUG_INFORMATION_FORMAT = "dwarf-with-dsym";
				ENABLE_NS_ASSERTIONS = NO;
				ENABLE_STRICT_OBJC_MSGSEND = YES;
				GCC_C_LANGUAGE_STANDARD = gnu11;
				GCC_NO_COMMON_BLOCKS = YES;
				GCC_WARN_64_TO_32_BIT_CONVERSION = YES;
				GCC_WARN_ABOUT_RETURN_TYPE = YES_ERROR;
				GCC_WARN_UNDECLARED_SELECTOR = YES;
				GCC_WARN_UNINITIALIZED_AUTOS = YES_AGGRESSIVE;
				GCC_WARN_UNUSED_FUNCTION = YES;
				GCC_WARN_UNUSED_VARIABLE = YES;
				IPHONEOS_DEPLOYMENT_TARGET = 12.0;
				MTL_ENABLE_DEBUG_INFO = NO;
				MTL_FAST_MATH = YES;
				SDKROOT = iphoneos;
				SWIFT_COMPILATION_MODE = wholemodule;
				SWIFT_OPTIMIZATION_LEVEL = "-O";
				VALIDATE_PRODUCT = YES;
			};
			name = Release;
		};
		00CA261921514DD8004B23DA /* Debug */ = {
			isa = XCBuildConfiguration;
			buildSettings = {
				ASSETCATALOG_COMPILER_APPICON_NAME = AppIcon;
				CODE_SIGN_STYLE = Automatic;
				DEVELOPMENT_TEAM = YST5YY8UCN;
				INFOPLIST_FILE = SwiftESP32/Info.plist;
				IPHONEOS_DEPLOYMENT_TARGET = 11.0;
				LD_RUNPATH_SEARCH_PATHS = (
					"$(inherited)",
					"@executable_path/Frameworks",
				);
				PRODUCT_BUNDLE_IDENTIFIER = com.regevtal.SwiftESP32;
				PRODUCT_NAME = "$(TARGET_NAME)";
				SWIFT_VERSION = 4.2;
				TARGETED_DEVICE_FAMILY = "1,2";
			};
			name = Debug;
		};
		00CA261A21514DD8004B23DA /* Release */ = {
			isa = XCBuildConfiguration;
			buildSettings = {
				ASSETCATALOG_COMPILER_APPICON_NAME = AppIcon;
				CODE_SIGN_STYLE = Automatic;
				DEVELOPMENT_TEAM = YST5YY8UCN;
				INFOPLIST_FILE = SwiftESP32/Info.plist;
				IPHONEOS_DEPLOYMENT_TARGET = 11.0;
				LD_RUNPATH_SEARCH_PATHS = (
					"$(inherited)",
					"@executable_path/Frameworks",
				);
				PRODUCT_BUNDLE_IDENTIFIER = com.regevtal.SwiftESP32;
				PRODUCT_NAME = "$(TARGET_NAME)";
				SWIFT_VERSION = 4.2;
				TARGETED_DEVICE_FAMILY = "1,2";
			};
			name = Release;
		};
/* End XCBuildConfiguration section */

/* Begin XCConfigurationList section */
		00CA260121514DD7004B23DA /* Build configuration list for PBXProject "SwiftESP32" */ = {
			isa = XCConfigurationList;
			buildConfigurations = (
				00CA261621514DD8004B23DA /* Debug */,
				00CA261721514DD8004B23DA /* Release */,
			);
			defaultConfigurationIsVisible = 0;
			defaultConfigurationName = Release;
		};
		00CA261821514DD8004B23DA /* Build configuration list for PBXNativeTarget "SwiftESP32" */ = {
			isa = XCConfigurationList;
			buildConfigurations = (
				00CA261921514DD8004B23DA /* Debug */,
				00CA261A21514DD8004B23DA /* Release */,
			);
			defaultConfigurationIsVisible = 0;
			defaultConfigurationName = Release;
		};
/* End XCConfigurationList section */
	};
	rootObject = 00CA25FE21514DD7004B23DA /* Project object */;
}
